version = 1
revision = 3
requires-python = ">=3.11"

[[package]]
name = "flink"
version = "0.1.0"
source = { virtual = "." }
dependencies = [
    { name = "pyflink" },
]

[package.metadata]
requires-dist = [{ name = "pyflink", specifier = ">=1.0" }]

[[package]]
name = "pyflink"
version = "1.0"
source = { registry = "https://pypi.org/simple" }
wheels = [
    { url = "https://files.pythonhosted.org/packages/f4/0f/3d82021b18abc72454dc9fdf220ce393e455b68d232d5a6d65a832e85a8e/pyflink-1.0-py3-none-any.whl", hash = "sha256:382dfa476a0bbdee2220639a0782aeafe41163748d077e57cb2206fbb4868b0d", size = 37857, upload-time = "2019-03-12T10:02:05.099Z" },
]
